
Microsoft Visual Studio Solution File, Format Version 12.00
# Visual Studio Version 16
VisualStudioVersion = 16.0.29905.134
MinimumVisualStudioVersion = 10.0.40219.1
Project("{FAE04EC0-301F-11D3-BF4B-00C04F79EFBC}") = "CleanBlog.Web", "CleanBlog.Web\CleanBlog.Web.csproj", "{2ACE0CDB-ECA4-46DA-AFD6-A23A2A1F0D81}"
EndProject
Project("{FAE04EC0-301F-11D3-BF4B-00C04F79EFBC}") = "CleanBlog.Core", "CleanBlog.Core\CleanBlog.Core.csproj", "{90984460-4E9A-482B-9BCD-7557EB45ACD9}"
EndProject
Global
	GlobalSection(SolutionConfigurationPlatforms) = preSolution
		Debug|Any CPU = Debug|Any CPU
		Release|Any CPU = Release|Any CPU
	EndGlobalSection
	GlobalSection(ProjectConfigurationPlatforms) = postSolution
		{2ACE0CDB-ECA4-46DA-AFD6-A23A2A1F0D81}.Debug|Any CPU.ActiveCfg = Debug|Any CPU
		{2ACE0CDB-ECA4-46DA-AFD6-A23A2A1F0D81}.Debug|Any CPU.Build.0 = Debug|Any CPU
		{2ACE0CDB-ECA4-46DA-AFD6-A23A2A1F0D81}.Release|Any CPU.ActiveCfg = Release|Any CPU
		{2ACE0CDB-ECA4-46DA-AFD6-A23A2A1F0D81}.Release|Any CPU.Build.0 = Release|Any CPU
		{90984460-4E9A-482B-9BCD-7557EB45ACD9}.Debug|Any CPU.ActiveCfg = Debug|Any CPU
		{90984460-4E9A-482B-9BCD-7557EB45ACD9}.Debug|Any CPU.Build.0 = Debug|Any CPU
		{90984460-4E9A-482B-9BCD-7557EB45ACD9}.Release|Any CPU.ActiveCfg = Release|Any CPU
		{90984460-4E9A-482B-9BCD-7557EB45ACD9}.Release|Any CPU.Build.0 = Release|Any CPU
	EndGlobalSection
	GlobalSection(SolutionProperties) = preSolution
		HideSolutionNode = FALSE
	EndGlobalSection
	GlobalSection(ExtensibilityGlobals) = postSolution
		SolutionGuid = {B69C88D8-136E-4AC4-9EED-2D98A60879B7}
	EndGlobalSection
EndGlobal
